// !$*UTF8*$!
{
	archiveVersion = 1;
	classes = {
	};
	objectVersion = 55;
	objects = {

/* Begin PBXBuildFile section */
		68FAF38A284F32DB00224AA9 /* Tests_iOS.swift in Sources */ = {isa = PBXBuildFile; fileRef = 68FAF389284F32DB00224AA9 /* Tests_iOS.swift */; };
		68FAF38C284F32DB00224AA9 /* Tests_iOSLaunchTests.swift in Sources */ = {isa = PBXBuildFile; fileRef = 68FAF38B284F32DB00224AA9 /* Tests_iOSLaunchTests.swift */; };
		68FAF396284F32DB00224AA9 /* Tests_macOS.swift in Sources */ = {isa = PBXBuildFile; fileRef = 68FAF395284F32DB00224AA9 /* Tests_macOS.swift */; };
		68FAF398284F32DB00224AA9 /* Tests_macOSLaunchTests.swift in Sources */ = {isa = PBXBuildFile; fileRef = 68FAF397284F32DB00224AA9 /* Tests_macOSLaunchTests.swift */; };
		68FAF399284F32DB00224AA9 /* SwiftUi_MVApp.swift in Sources */ = {isa = PBXBuildFile; fileRef = 68FAF371284F32D900224AA9 /* SwiftUi_MVApp.swift */; };
		68FAF39A284F32DB00224AA9 /* SwiftUi_MVApp.swift in Sources */ = {isa = PBXBuildFile; fileRef = 68FAF371284F32D900224AA9 /* SwiftUi_MVApp.swift */; };
		68FAF39B284F32DB00224AA9 /* ContentView.swift in Sources */ = {isa = PBXBuildFile; fileRef = 68FAF372284F32D900224AA9 /* ContentView.swift */; };
		68FAF39C284F32DB00224AA9 /* ContentView.swift in Sources */ = {isa = PBXBuildFile; fileRef = 68FAF372284F32D900224AA9 /* ContentView.swift */; };
		68FAF39D284F32DB00224AA9 /* Assets.xcassets in Resources */ = {isa = PBXBuildFile; fileRef = 68FAF373284F32DA00224AA9 /* Assets.xcassets */; };
		68FAF39E284F32DB00224AA9 /* Assets.xcassets in Resources */ = {isa = PBXBuildFile; fileRef = 68FAF373284F32DA00224AA9 /* Assets.xcassets */; };
/* End PBXBuildFile section */

/* Begin PBXContainerItemProxy section */
		68FAF386284F32DB00224AA9 /* PBXContainerItemProxy */ = {
			isa = PBXContainerItemProxy;
			containerPortal = 68FAF36C284F32D900224AA9 /* Project object */;
			proxyType = 1;
			remoteGlobalIDString = 68FAF377284F32DA00224AA9;
			remoteInfo = "SwiftUi-MV (iOS)";
		};
		68FAF392284F32DB00224AA9 /* PBXContainerItemProxy */ = {
			isa = PBXContainerItemProxy;
			containerPortal = 68FAF36C284F32D900224AA9 /* Project object */;
			proxyType = 1;
			remoteGlobalIDString = 68FAF37D284F32DB00224AA9;
			remoteInfo = "SwiftUi-MV (macOS)";
		};
/* End PBXContainerItemProxy section */

/* Begin PBXFileReference section */
		68FAF371284F32D900224AA9 /* SwiftUi_MVApp.swift */ = {isa = PBXFileReference; lastKnownFileType = sourcecode.swift; path = SwiftUi_MVApp.swift; sourceTree = "<group>"; };
		68FAF372284F32D900224AA9 /* ContentView.swift */ = {isa = PBXFileReference; lastKnownFileType = sourcecode.swift; path = ContentView.swift; sourceTree = "<group>"; };
		68FAF373284F32DA00224AA9 /* Assets.xcassets */ = {isa = PBXFileReference; lastKnownFileType = folder.assetcatalog; path = Assets.xcassets; sourceTree = "<group>"; };
		68FAF378284F32DA00224AA9 /* SwiftUi-MV.app */ = {isa = PBXFileReference; explicitFileType = wrapper.application; includeInIndex = 0; path = "SwiftUi-MV.app"; sourceTree = BUILT_PRODUCTS_DIR; };
		68FAF37E284F32DB00224AA9 /* SwiftUi-MV.app */ = {isa = PBXFileReference; explicitFileType = wrapper.application; includeInIndex = 0; path = "SwiftUi-MV.app"; sourceTree = BUILT_PRODUCTS_DIR; };
		68FAF380284F32DB00224AA9 /* macOS.entitlements */ = {isa = PBXFileReference; lastKnownFileType = text.plist.entitlements; path = macOS.entitlements; sourceTree = "<group>"; };
		68FAF385284F32DB00224AA9 /* Tests iOS.xctest */ = {isa = PBXFileReference; explicitFileType = wrapper.cfbundle; includeInIndex = 0; path = "Tests iOS.xctest"; sourceTree = BUILT_PRODUCTS_DIR; };
		68FAF389284F32DB00224AA9 /* Tests_iOS.swift */ = {isa = PBXFileReference; lastKnownFileType = sourcecode.swift; path = Tests_iOS.swift; sourceTree = "<group>"; };
		68FAF38B284F32DB00224AA9 /* Tests_iOSLaunchTests.swift */ = {isa = PBXFileReference; lastKnownFileType = sourcecode.swift; path = Tests_iOSLaunchTests.swift; sourceTree = "<group>"; };
		68FAF391284F32DB00224AA9 /* Tests macOS.xctest */ = {isa = PBXFileReference; explicitFileType = wrapper.cfbundle; includeInIndex = 0; path = "Tests macOS.xctest"; sourceTree = BUILT_PRODUCTS_DIR; };
		68FAF395284F32DB00224AA9 /* Tests_macOS.swift */ = {isa = PBXFileReference; lastKnownFileType = sourcecode.swift; path = Tests_macOS.swift; sourceTree = "<group>"; };
		68FAF397284F32DB00224AA9 /* Tests_macOSLaunchTests.swift */ = {isa = PBXFileReference; lastKnownFileType = sourcecode.swift; path = Tests_macOSLaunchTests.swift; sourceTree = "<group>"; };
/* End PBXFileReference section */

/* Begin PBXFrameworksBuildPhase section */
		68FAF375284F32DA00224AA9 /* Frameworks */ = {
			isa = PBXFrameworksBuildPhase;
			buildActionMask = 2147483647;
			files = (
			);
			runOnlyForDeploymentPostprocessing = 0;
		};
		68FAF37B284F32DB00224AA9 /* Frameworks */ = {
			isa = PBXFrameworksBuildPhase;
			buildActionMask = 2147483647;
			files = (
			);
			runOnlyForDeploymentPostprocessing = 0;
		};
		68FAF382284F32DB00224AA9 /* Frameworks */ = {
			isa = PBXFrameworksBuildPhase;
			buildActionMask = 2147483647;
			files = (
			);
			runOnlyForDeploymentPostprocessing = 0;
		};
		68FAF38E284F32DB00224AA9 /* Frameworks */ = {
			isa = PBXFrameworksBuildPhase;
			buildActionMask = 2147483647;
			files = (
			);
			runOnlyForDeploymentPostprocessing = 0;
		};
/* End PBXFrameworksBuildPhase section */

/* Begin PBXGroup section */
		68FAF36B284F32D900224AA9 = {
			isa = PBXGroup;
			children = (
				68FAF370284F32D900224AA9 /* Shared */,
				68FAF37F284F32DB00224AA9 /* macOS */,
				68FAF388284F32DB00224AA9 /* Tests iOS */,
				68FAF394284F32DB00224AA9 /* Tests macOS */,
				68FAF379284F32DA00224AA9 /* Products */,
			);
			sourceTree = "<group>";
		};
		68FAF370284F32D900224AA9 /* Shared */ = {
			isa = PBXGroup;
			children = (
				68FAF371284F32D900224AA9 /* SwiftUi_MVApp.swift */,
				68FAF372284F32D900224AA9 /* ContentView.swift */,
				68FAF373284F32DA00224AA9 /* Assets.xcassets */,
			);
			path = Shared;
			sourceTree = "<group>";
		};
		68FAF379284F32DA00224AA9 /* Products */ = {
			isa = PBXGroup;
			children = (
				68FAF378284F32DA00224AA9 /* SwiftUi-MV.app */,
				68FAF37E284F32DB00224AA9 /* SwiftUi-MV.app */,
				68FAF385284F32DB00224AA9 /* Tests iOS.xctest */,
				68FAF391284F32DB00224AA9 /* Tests macOS.xctest */,
			);
			name = Products;
			sourceTree = "<group>";
		};
		68FAF37F284F32DB00224AA9 /* macOS */ = {
			isa = PBXGroup;
			children = (
				68FAF380284F32DB00224AA9 /* macOS.entitlements */,
			);
			path = macOS;
			sourceTree = "<group>";
		};
		68FAF388284F32DB00224AA9 /* Tests iOS */ = {
			isa = PBXGroup;
			children = (
				68FAF389284F32DB00224AA9 /* Tests_iOS.swift */,
				68FAF38B284F32DB00224AA9 /* Tests_iOSLaunchTests.swift */,
			);
			path = "Tests iOS";
			sourceTree = "<group>";
		};
		68FAF394284F32DB00224AA9 /* Tests macOS */ = {
			isa = PBXGroup;
			children = (
				68FAF395284F32DB00224AA9 /* Tests_macOS.swift */,
				68FAF397284F32DB00224AA9 /* Tests_macOSLaunchTests.swift */,
			);
			path = "Tests macOS";
			sourceTree = "<group>";
		};
/* End PBXGroup section */

/* Begin PBXNativeTarget section */
		68FAF377284F32DA00224AA9 /* SwiftUi-MV (iOS) */ = {
			isa = PBXNativeTarget;
			buildConfigurationList = 68FAF3A1284F32DB00224AA9 /* Build configuration list for PBXNativeTarget "SwiftUi-MV (iOS)" */;
			buildPhases = (
				68FAF374284F32DA00224AA9 /* Sources */,
				68FAF375284F32DA00224AA9 /* Frameworks */,
				68FAF376284F32DA00224AA9 /* Resources */,
			);
			buildRules = (
			);
			dependencies = (
			);
			name = "SwiftUi-MV (iOS)";
			productName = "SwiftUi-MV (iOS)";
			productReference = 68FAF378284F32DA00224AA9 /* SwiftUi-MV.app */;
			productType = "com.apple.product-type.application";
		};
		68FAF37D284F32DB00224AA9 /* SwiftUi-MV (macOS) */ = {
			isa = PBXNativeTarget;
			buildConfigurationList = 68FAF3A4284F32DB00224AA9 /* Build configuration list for PBXNativeTarget "SwiftUi-MV (macOS)" */;
			buildPhases = (
				68FAF37A284F32DB00224AA9 /* Sources */,
				68FAF37B284F32DB00224AA9 /* Frameworks */,
				68FAF37C284F32DB00224AA9 /* Resources */,
			);
			buildRules = (
			);
			dependencies = (
			);
			name = "SwiftUi-MV (macOS)";
			productName = "SwiftUi-MV (macOS)";
			productReference = 68FAF37E284F32DB00224AA9 /* SwiftUi-MV.app */;
			productType = "com.apple.product-type.application";
		};
		68FAF384284F32DB00224AA9 /* Tests iOS */ = {
			isa = PBXNativeTarget;
			buildConfigurationList = 68FAF3A7284F32DB00224AA9 /* Build configuration list for PBXNativeTarget "Tests iOS" */;
			buildPhases = (
				68FAF381284F32DB00224AA9 /* Sources */,
				68FAF382284F32DB00224AA9 /* Frameworks */,
				68FAF383284F32DB00224AA9 /* Resources */,
			);
			buildRules = (
			);
			dependencies = (
				68FAF387284F32DB00224AA9 /* PBXTargetDependency */,
			);
			name = "Tests iOS";
			productName = "Tests iOS";
			productReference = 68FAF385284F32DB00224AA9 /* Tests iOS.xctest */;
			productType = "com.apple.product-type.bundle.ui-testing";
		};
		68FAF390284F32DB00224AA9 /* Tests macOS */ = {
			isa = PBXNativeTarget;
			buildConfigurationList = 68FAF3AA284F32DB00224AA9 /* Build configuration list for PBXNativeTarget "Tests macOS" */;
			buildPhases = (
				68FAF38D284F32DB00224AA9 /* Sources */,
				68FAF38E284F32DB00224AA9 /* Frameworks */,
				68FAF38F284F32DB00224AA9 /* Resources */,
			);
			buildRules = (
			);
			dependencies = (
				68FAF393284F32DB00224AA9 /* PBXTargetDependency */,
			);
			name = "Tests macOS";
			productName = "Tests macOS";
			productReference = 68FAF391284F32DB00224AA9 /* Tests macOS.xctest */;
			productType = "com.apple.product-type.bundle.ui-testing";
		};
/* End PBXNativeTarget section */

/* Begin PBXProject section */
		68FAF36C284F32D900224AA9 /* Project object */ = {
			isa = PBXProject;
			attributes = {
				BuildIndependentTargetsInParallel = 1;
				LastSwiftUpdateCheck = 1340;
				LastUpgradeCheck = 1340;
				TargetAttributes = {
					68FAF377284F32DA00224AA9 = {
						CreatedOnToolsVersion = 13.4.1;
					};
					68FAF37D284F32DB00224AA9 = {
						CreatedOnToolsVersion = 13.4.1;
					};
					68FAF384284F32DB00224AA9 = {
						CreatedOnToolsVersion = 13.4.1;
						TestTargetID = 68FAF377284F32DA00224AA9;
					};
					68FAF390284F32DB00224AA9 = {
						CreatedOnToolsVersion = 13.4.1;
						TestTargetID = 68FAF37D284F32DB00224AA9;
					};
				};
			};
			buildConfigurationList = 68FAF36F284F32D900224AA9 /* Build configuration list for PBXProject "SwiftUi-MV" */;
			compatibilityVersion = "Xcode 13.0";
			developmentRegion = en;
			hasScannedForEncodings = 0;
			knownRegions = (
				en,
				Base,
			);
			mainGroup = 68FAF36B284F32D900224AA9;
			productRefGroup = 68FAF379284F32DA00224AA9 /* Products */;
			projectDirPath = "";
			projectRoot = "";
			targets = (
				68FAF377284F32DA00224AA9 /* SwiftUi-MV (iOS) */,
				68FAF37D284F32DB00224AA9 /* SwiftUi-MV (macOS) */,
				68FAF384284F32DB00224AA9 /* Tests iOS */,
				68FAF390284F32DB00224AA9 /* Tests macOS */,
			);
		};
/* End PBXProject section */

/* Begin PBXResourcesBuildPhase section */
		68FAF376284F32DA00224AA9 /* Resources */ = {
			isa = PBXResourcesBuildPhase;
			buildActionMask = 2147483647;
			files = (
				68FAF39D284F32DB00224AA9 /* Assets.xcassets in Resources */,
			);
			runOnlyForDeploymentPostprocessing = 0;
		};
		68FAF37C284F32DB00224AA9 /* Resources */ = {
			isa = PBXResourcesBuildPhase;
			buildActionMask = 2147483647;
			files = (
				68FAF39E284F32DB00224AA9 /* Assets.xcassets in Resources */,
			);
			runOnlyForDeploymentPostprocessing = 0;
		};
		68FAF383284F32DB00224AA9 /* Resources */ = {
			isa = PBXResourcesBuildPhase;
			buildActionMask = 2147483647;
			files = (
			);
			runOnlyForDeploymentPostprocessing = 0;
		};
		68FAF38F284F32DB00224AA9 /* Resources */ = {
			isa = PBXResourcesBuildPhase;
			buildActionMask = 2147483647;
			files = (
			);
			runOnlyForDeploymentPostprocessing = 0;
		};
/* End PBXResourcesBuildPhase section */

/* Begin PBXSourcesBuildPhase section */
		68FAF374284F32DA00224AA9 /* Sources */ = {
			isa = PBXSourcesBuildPhase;
			buildActionMask = 2147483647;
			files = (
				68FAF39B284F32DB00224AA9 /* ContentView.swift in Sources */,
				68FAF399284F32DB00224AA9 /* SwiftUi_MVApp.swift in Sources */,
			);
			runOnlyForDeploymentPostprocessing = 0;
		};
		68FAF37A284F32DB00224AA9 /* Sources */ = {
			isa = PBXSourcesBuildPhase;
			buildActionMask = 2147483647;
			files = (
				68FAF39C284F32DB00224AA9 /* ContentView.swift in Sources */,
				68FAF39A284F32DB00224AA9 /* SwiftUi_MVApp.swift in Sources */,
			);
			runOnlyForDeploymentPostprocessing = 0;
		};
		68FAF381284F32DB00224AA9 /* Sources */ = {
			isa = PBXSourcesBuildPhase;
			buildActionMask = 2147483647;
			files = (
				68FAF38C284F32DB00224AA9 /* Tests_iOSLaunchTests.swift in Sources */,
				68FAF38A284F32DB00224AA9 /* Tests_iOS.swift in Sources */,
			);
			runOnlyForDeploymentPostprocessing = 0;
		};
		68FAF38D284F32DB00224AA9 /* Sources */ = {
			isa = PBXSourcesBuildPhase;
			buildActionMask = 2147483647;
			files = (
				68FAF398284F32DB00224AA9 /* Tests_macOSLaunchTests.swift in Sources */,
				68FAF396284F32DB00224AA9 /* Tests_macOS.swift in Sources */,
			);
			runOnlyForDeploymentPostprocessing = 0;
		};
/* End PBXSourcesBuildPhase section */

/* Begin PBXTargetDependency section */
		68FAF387284F32DB00224AA9 /* PBXTargetDependency */ = {
			isa = PBXTargetDependency;
			target = 68FAF377284F32DA00224AA9 /* SwiftUi-MV (iOS) */;
			targetProxy = 68FAF386284F32DB00224AA9 /* PBXContainerItemProxy */;
		};
		68FAF393284F32DB00224AA9 /* PBXTargetDependency */ = {
			isa = PBXTargetDependency;
			target = 68FAF37D284F32DB00224AA9 /* SwiftUi-MV (macOS) */;
			targetProxy = 68FAF392284F32DB00224AA9 /* PBXContainerItemProxy */;
		};
/* End PBXTargetDependency section */

/* Begin XCBuildConfiguration section */
		68FAF39F284F32DB00224AA9 /* Debug */ = {
			isa = XCBuildConfiguration;
			buildSettings = {
				ALWAYS_SEARCH_USER_PATHS = NO;
				CLANG_ANALYZER_NONNULL = YES;
				CLANG_ANALYZER_NUMBER_OBJECT_CONVERSION = YES_AGGRESSIVE;
				CLANG_CXX_LANGUAGE_STANDARD = "gnu++17";
				CLANG_ENABLE_MODULES = YES;
				CLANG_ENABLE_OBJC_ARC = YES;
				CLANG_ENABLE_OBJC_WEAK = YES;
				CLANG_WARN_BLOCK_CAPTURE_AUTORELEASING = YES;
				CLANG_WARN_BOOL_CONVERSION = YES;
				CLANG_WARN_COMMA = YES;
				CLANG_WARN_CONSTANT_CONVERSION = YES;
				CLANG_WARN_DEPRECATED_OBJC_IMPLEMENTATIONS = YES;
				CLANG_WARN_DIRECT_OBJC_ISA_USAGE = YES_ERROR;
				CLANG_WARN_DOCUMENTATION_COMMENTS = YES;
				CLANG_WARN_EMPTY_BODY = YES;
				CLANG_WARN_ENUM_CONVERSION = YES;
				CLANG_WARN_INFINITE_RECURSION = YES;
				CLANG_WARN_INT_CONVERSION = YES;
				CLANG_WARN_NON_LITERAL_NULL_CONVERSION = YES;
				CLANG_WARN_OBJC_IMPLICIT_RETAIN_SELF = YES;
				CLANG_WARN_OBJC_LITERAL_CONVERSION = YES;
				CLANG_WARN_OBJC_ROOT_CLASS = YES_ERROR;
				CLANG_WARN_QUOTED_INCLUDE_IN_FRAMEWORK_HEADER = YES;
				CLANG_WARN_RANGE_LOOP_ANALYSIS = YES;
				CLANG_WARN_STRICT_PROTOTYPES = YES;
				CLANG_WARN_SUSPICIOUS_MOVE = YES;
				CLANG_WARN_UNGUARDED_AVAILABILITY = YES_AGGRESSIVE;
				CLANG_WARN_UNREACHABLE_CODE = YES;
				CLANG_WARN__DUPLICATE_METHOD_MATCH = YES;
				COPY_PHASE_STRIP = NO;
				DEBUG_INFORMATION_FORMAT = dwarf;
				ENABLE_STRICT_OBJC_MSGSEND = YES;
				ENABLE_TESTABILITY = YES;
				GCC_C_LANGUAGE_STANDARD = gnu11;
				GCC_DYNAMIC_NO_PIC = NO;
				GCC_NO_COMMON_BLOCKS = YES;
				GCC_OPTIMIZATION_LEVEL = 0;
				GCC_PREPROCESSOR_DEFINITIONS = (
					"DEBUG=1",
					"$(inherited)",
				);
				GCC_WARN_64_TO_32_BIT_CONVERSION = YES;
				GCC_WARN_ABOUT_RETURN_TYPE = YES_ERROR;
				GCC_WARN_UNDECLARED_SELECTOR = YES;
				GCC_WARN_UNINITIALIZED_AUTOS = YES_AGGRESSIVE;
				GCC_WARN_UNUSED_FUNCTION = YES;
				GCC_WARN_UNUSED_VARIABLE = YES;
				MTL_ENABLE_DEBUG_INFO = INCLUDE_SOURCE;
				MTL_FAST_MATH = YES;
				ONLY_ACTIVE_ARCH = YES;
				SWIFT_ACTIVE_COMPILATION_CONDITIONS = DEBUG;
				SWIFT_OPTIMIZATION_LEVEL = "-Onone";
			};
			name = Debug;
		};
		68FAF3A0284F32DB00224AA9 /* Release */ = {
			isa = XCBuildConfiguration;
			buildSettings = {
				ALWAYS_SEARCH_USER_PATHS = NO;
				CLANG_ANALYZER_NONNULL = YES;
				CLANG_ANALYZER_NUMBER_OBJECT_CONVERSION = YES_AGGRESSIVE;
				CLANG_CXX_LANGUAGE_STANDARD = "gnu++17";
				CLANG_ENABLE_MODULES = YES;
				CLANG_ENABLE_OBJC_ARC = YES;
				CLANG_ENABLE_OBJC_WEAK = YES;
				CLANG_WARN_BLOCK_CAPTURE_AUTORELEASING = YES;
				CLANG_WARN_BOOL_CONVERSION = YES;
				CLANG_WARN_COMMA = YES;
				CLANG_WARN_CONSTANT_CONVERSION = YES;
				CLANG_WARN_DEPRECATED_OBJC_IMPLEMENTATIONS = YES;
				CLANG_WARN_DIRECT_OBJC_ISA_USAGE = YES_ERROR;
				CLANG_WARN_DOCUMENTATION_COMMENTS = YES;
				CLANG_WARN_EMPTY_BODY = YES;
				CLANG_WARN_ENUM_CONVERSION = YES;
				CLANG_WARN_INFINITE_RECURSION = YES;
				CLANG_WARN_INT_CONVERSION = YES;
				CLANG_WARN_NON_LITERAL_NULL_CONVERSION = YES;
				CLANG_WARN_OBJC_IMPLICIT_RETAIN_SELF = YES;
				CLANG_WARN_OBJC_LITERAL_CONVERSION = YES;
				CLANG_WARN_OBJC_ROOT_CLASS = YES_ERROR;
				CLANG_WARN_QUOTED_INCLUDE_IN_FRAMEWORK_HEADER = YES;
				CLANG_WARN_RANGE_LOOP_ANALYSIS = YES;
				CLANG_WARN_STRICT_PROTOTYPES = YES;
				CLANG_WARN_SUSPICIOUS_MOVE = YES;
				CLANG_WARN_UNGUARDED_AVAILABILITY = YES_AGGRESSIVE;
				CLANG_WARN_UNREACHABLE_CODE = YES;
				CLANG_WARN__DUPLICATE_METHOD_MATCH = YES;
				COPY_PHASE_STRIP = NO;
				DEBUG_INFORMATION_FORMAT = "dwarf-with-dsym";
				ENABLE_NS_ASSERTIONS = NO;
				ENABLE_STRICT_OBJC_MSGSEND = YES;
				GCC_C_LANGUAGE_STANDARD = gnu11;
				GCC_NO_COMMON_BLOCKS = YES;
				GCC_WARN_64_TO_32_BIT_CONVERSION = YES;
				GCC_WARN_ABOUT_RETURN_TYPE = YES_ERROR;
				GCC_WARN_UNDECLARED_SELECTOR = YES;
				GCC_WARN_UNINITIALIZED_AUTOS = YES_AGGRESSIVE;
				GCC_WARN_UNUSED_FUNCTION = YES;
				GCC_WARN_UNUSED_VARIABLE = YES;
				MTL_ENABLE_DEBUG_INFO = NO;
				MTL_FAST_MATH = YES;
				SWIFT_COMPILATION_MODE = wholemodule;
				SWIFT_OPTIMIZATION_LEVEL = "-O";
			};
			name = Release;
		};
		68FAF3A2284F32DB00224AA9 /* Debug */ = {
			isa = XCBuildConfiguration;
			buildSettings = {
				ASSETCATALOG_COMPILER_APPICON_NAME = AppIcon;
				ASSETCATALOG_COMPILER_GLOBAL_ACCENT_COLOR_NAME = AccentColor;
				CODE_SIGN_STYLE = Automatic;
				CURRENT_PROJECT_VERSION = 1;
				DEVELOPMENT_TEAM = 2KDEH69VUR;
				ENABLE_PREVIEWS = YES;
				GENERATE_INFOPLIST_FILE = YES;
				INFOPLIST_KEY_UIApplicationSceneManifest_Generation = YES;
				INFOPLIST_KEY_UIApplicationSupportsIndirectInputEvents = YES;
				INFOPLIST_KEY_UILaunchScreen_Generation = YES;
				INFOPLIST_KEY_UISupportedInterfaceOrientations_iPad = "UIInterfaceOrientationPortrait UIInterfaceOrientationPortraitUpsideDown UIInterfaceOrientationLandscapeLeft UIInterfaceOrientationLandscapeRight";
				INFOPLIST_KEY_UISupportedInterfaceOrientations_iPhone = "UIInterfaceOrientationPortrait UIInterfaceOrientationLandscapeLeft UIInterfaceOrientationLandscapeRight";
				IPHONEOS_DEPLOYMENT_TARGET = 15.5;
				LD_RUNPATH_SEARCH_PATHS = (
					"$(inherited)",
					"@executable_path/Frameworks",
				);
				MARKETING_VERSION = 1.0;
				PRODUCT_BUNDLE_IDENTIFIER = "nermeen.tomoum.SwiftUi-MV";
				PRODUCT_NAME = "SwiftUi-MV";
				SDKROOT = iphoneos;
				SWIFT_EMIT_LOC_STRINGS = YES;
				SWIFT_VERSION = 5.0;
				TARGETED_DEVICE_FAMILY = "1,2";
			};
			name = Debug;
		};
		68FAF3A3284F32DB00224AA9 /* Release */ = {
			isa = XCBuildConfiguration;
			buildSettings = {
				ASSETCATALOG_COMPILER_APPICON_NAME = AppIcon;
				ASSETCATALOG_COMPILER_GLOBAL_ACCENT_COLOR_NAME = AccentColor;
				CODE_SIGN_STYLE = Automatic;
				CURRENT_PROJECT_VERSION = 1;
				DEVELOPMENT_TEAM = 2KDEH69VUR;
				ENABLE_PREVIEWS = YES;
				GENERATE_INFOPLIST_FILE = YES;
				INFOPLIST_KEY_UIApplicationSceneManifest_Generation = YES;
				INFOPLIST_KEY_UIApplicationSupportsIndirectInputEvents = YES;
				INFOPLIST_KEY_UILaunchScreen_Generation = YES;
				INFOPLIST_KEY_UISupportedInterfaceOrientations_iPad = "UIInterfaceOrientationPortrait UIInterfaceOrientationPortraitUpsideDown UIInterfaceOrientationLandscapeLeft UIInterfaceOrientationLandscapeRight";
				INFOPLIST_KEY_UISupportedInterfaceOrientations_iPhone = "UIInterfaceOrientationPortrait UIInterfaceOrientationLandscapeLeft UIInterfaceOrientationLandscapeRight";
				IPHONEOS_DEPLOYMENT_TARGET = 15.5;
				LD_RUNPATH_SEARCH_PATHS = (
					"$(inherited)",
					"@executable_path/Frameworks",
				);
				MARKETING_VERSION = 1.0;
				PRODUCT_BUNDLE_IDENTIFIER = "nermeen.tomoum.SwiftUi-MV";
				PRODUCT_NAME = "SwiftUi-MV";
				SDKROOT = iphoneos;
				SWIFT_EMIT_LOC_STRINGS = YES;
				SWIFT_VERSION = 5.0;
				TARGETED_DEVICE_FAMILY = "1,2";
				VALIDATE_PRODUCT = YES;
			};
			name = Release;
		};
		68FAF3A5284F32DB00224AA9 /* Debug */ = {
			isa = XCBuildConfiguration;
			buildSettings = {
				ASSETCATALOG_COMPILER_APPICON_NAME = AppIcon;
				ASSETCATALOG_COMPILER_GLOBAL_ACCENT_COLOR_NAME = AccentColor;
				CODE_SIGN_ENTITLEMENTS = macOS/macOS.entitlements;
				CODE_SIGN_STYLE = Automatic;
				COMBINE_HIDPI_IMAGES = YES;
				CURRENT_PROJECT_VERSION = 1;
				DEVELOPMENT_TEAM = 2KDEH69VUR;
				ENABLE_HARDENED_RUNTIME = YES;
				ENABLE_PREVIEWS = YES;
				GENERATE_INFOPLIST_FILE = YES;
				INFOPLIST_KEY_NSHumanReadableCopyright = "";
				LD_RUNPATH_SEARCH_PATHS = (
					"$(inherited)",
					"@executable_path/../Frameworks",
				);
				MACOSX_DEPLOYMENT_TARGET = 12.3;
				MARKETING_VERSION = 1.0;
				PRODUCT_BUNDLE_IDENTIFIER = "nermeen.tomoum.SwiftUi-MV";
				PRODUCT_NAME = "SwiftUi-MV";
				SDKROOT = macosx;
				SWIFT_EMIT_LOC_STRINGS = YES;
				SWIFT_VERSION = 5.0;
			};
			name = Debug;
		};
		68FAF3A6284F32DB00224AA9 /* Release */ = {
			isa = XCBuildConfiguration;
			buildSettings = {
				ASSETCATALOG_COMPILER_APPICON_NAME = AppIcon;
				ASSETCATALOG_COMPILER_GLOBAL_ACCENT_COLOR_NAME = AccentColor;
				CODE_SIGN_ENTITLEMENTS = macOS/macOS.entitlements;
				CODE_SIGN_STYLE = Automatic;
				COMBINE_HIDPI_IMAGES = YES;
				CURRENT_PROJECT_VERSION = 1;
				DEVELOPMENT_TEAM = 2KDEH69VUR;
				ENABLE_HARDENED_RUNTIME = YES;
				ENABLE_PREVIEWS = YES;
				GENERATE_INFOPLIST_FILE = YES;
				INFOPLIST_KEY_NSHumanReadableCopyright = "";
				LD_RUNPATH_SEARCH_PATHS = (
					"$(inherited)",
					"@executable_path/../Frameworks",
				);
				MACOSX_DEPLOYMENT_TARGET = 12.3;
				MARKETING_VERSION = 1.0;
				PRODUCT_BUNDLE_IDENTIFIER = "nermeen.tomoum.SwiftUi-MV";
				PRODUCT_NAME = "SwiftUi-MV";
				SDKROOT = macosx;
				SWIFT_EMIT_LOC_STRINGS = YES;
				SWIFT_VERSION = 5.0;
			};
			name = Release;
		};
		68FAF3A8284F32DB00224AA9 /* Debug */ = {
			isa = XCBuildConfiguration;
			buildSettings = {
				ALWAYS_EMBED_SWIFT_STANDARD_LIBRARIES = YES;
				CODE_SIGN_STYLE = Automatic;
				CURRENT_PROJECT_VERSION = 1;
				DEVELOPMENT_TEAM = 2KDEH69VUR;
				GENERATE_INFOPLIST_FILE = YES;
				IPHONEOS_DEPLOYMENT_TARGET = 15.5;
				MARKETING_VERSION = 1.0;
				PRODUCT_BUNDLE_IDENTIFIER = "nermeen.tomoum.Tests-iOS";
				PRODUCT_NAME = "$(TARGET_NAME)";
				SDKROOT = iphoneos;
				SWIFT_EMIT_LOC_STRINGS = NO;
				SWIFT_VERSION = 5.0;
				TARGETED_DEVICE_FAMILY = "1,2";
				TEST_TARGET_NAME = "SwiftUi-MV (iOS)";
			};
			name = Debug;
		};
		68FAF3A9284F32DB00224AA9 /* Release */ = {
			isa = XCBuildConfiguration;
			buildSettings = {
				ALWAYS_EMBED_SWIFT_STANDARD_LIBRARIES = YES;
				CODE_SIGN_STYLE = Automatic;
				CURRENT_PROJECT_VERSION = 1;
				DEVELOPMENT_TEAM = 2KDEH69VUR;
				GENERATE_INFOPLIST_FILE = YES;
				IPHONEOS_DEPLOYMENT_TARGET = 15.5;
				MARKETING_VERSION = 1.0;
				PRODUCT_BUNDLE_IDENTIFIER = "nermeen.tomoum.Tests-iOS";
				PRODUCT_NAME = "$(TARGET_NAME)";
				SDKROOT = iphoneos;
				SWIFT_EMIT_LOC_STRINGS = NO;
				SWIFT_VERSION = 5.0;
				TARGETED_DEVICE_FAMILY = "1,2";
				TEST_TARGET_NAME = "SwiftUi-MV (iOS)";
				VALIDATE_PRODUCT = YES;
			};
			name = Release;
		};
		68FAF3AB284F32DB00224AA9 /* Debug */ = {
			isa = XCBuildConfiguration;
			buildSettings = {
				ALWAYS_EMBED_SWIFT_STANDARD_LIBRARIES = YES;
				CODE_SIGN_STYLE = Automatic;
				CURRENT_PROJECT_VERSION = 1;
				DEVELOPMENT_TEAM = 2KDEH69VUR;
				GENERATE_INFOPLIST_FILE = YES;
				MACOSX_DEPLOYMENT_TARGET = 12.3;
				MARKETING_VERSION = 1.0;
				PRODUCT_BUNDLE_IDENTIFIER = "nermeen.tomoum.Tests-macOS";
				PRODUCT_NAME = "$(TARGET_NAME)";
				SDKROOT = macosx;
				SWIFT_EMIT_LOC_STRINGS = NO;
				SWIFT_VERSION = 5.0;
				TEST_TARGET_NAME = "SwiftUi-MV (macOS)";
			};
			name = Debug;
		};
		68FAF3AC284F32DB00224AA9 /* Release */ = {
			isa = XCBuildConfiguration;
			buildSettings = {
				ALWAYS_EMBED_SWIFT_STANDARD_LIBRARIES = YES;
				CODE_SIGN_STYLE = Automatic;
				CURRENT_PROJECT_VERSION = 1;
				DEVELOPMENT_TEAM = 2KDEH69VUR;
				GENERATE_INFOPLIST_FILE = YES;
				MACOSX_DEPLOYMENT_TARGET = 12.3;
				MARKETING_VERSION = 1.0;
				PRODUCT_BUNDLE_IDENTIFIER = "nermeen.tomoum.Tests-macOS";
				PRODUCT_NAME = "$(TARGET_NAME)";
				SDKROOT = macosx;
				SWIFT_EMIT_LOC_STRINGS = NO;
				SWIFT_VERSION = 5.0;
				TEST_TARGET_NAME = "SwiftUi-MV (macOS)";
			};
			name = Release;
		};
/* End XCBuildConfiguration section */

/* Begin XCConfigurationList section */
		68FAF36F284F32D900224AA9 /* Build configuration list for PBXProject "SwiftUi-MV" */ = {
			isa = XCConfigurationList;
			buildConfigurations = (
				68FAF39F284F32DB00224AA9 /* Debug */,
				68FAF3A0284F32DB00224AA9 /* Release */,
			);
			defaultConfigurationIsVisible = 0;
			defaultConfigurationName = Release;
		};
		68FAF3A1284F32DB00224AA9 /* Build configuration list for PBXNativeTarget "SwiftUi-MV (iOS)" */ = {
			isa = XCConfigurationList;
			buildConfigurations = (
				68FAF3A2284F32DB00224AA9 /* Debug */,
				68FAF3A3284F32DB00224AA9 /* Release */,
			);
			defaultConfigurationIsVisible = 0;
			defaultConfigurationName = Release;
		};
		68FAF3A4284F32DB00224AA9 /* Build configuration list for PBXNativeTarget "SwiftUi-MV (macOS)" */ = {
			isa = XCConfigurationList;
			buildConfigurations = (
				68FAF3A5284F32DB00224AA9 /* Debug */,
				68FAF3A6284F32DB00224AA9 /* Release */,
			);
			defaultConfigurationIsVisible = 0;
			defaultConfigurationName = Release;
		};
		68FAF3A7284F32DB00224AA9 /* Build configuration list for PBXNativeTarget "Tests iOS" */ = {
			isa = XCConfigurationList;
			buildConfigurations = (
				68FAF3A8284F32DB00224AA9 /* Debug */,
				68FAF3A9284F32DB00224AA9 /* Release */,
			);
			defaultConfigurationIsVisible = 0;
			defaultConfigurationName = Release;
		};
		68FAF3AA284F32DB00224AA9 /* Build configuration list for PBXNativeTarget "Tests macOS" */ = {
			isa = XCConfigurationList;
			buildConfigurations = (
				68FAF3AB284F32DB00224AA9 /* Debug */,
				68FAF3AC284F32DB00224AA9 /* Release */,
			);
			defaultConfigurationIsVisible = 0;
			defaultConfigurationName = Release;
		};
/* End XCConfigurationList section */
	};
	rootObject = 68FAF36C284F32D900224AA9 /* Project object */;
}
